
Microsoft Visual Studio Solution File, Format Version 12.00
# Visual Studio Version 16
VisualStudioVersion = 16.0.30717.126
MinimumVisualStudioVersion = 10.0.40219.1
Project("{FAE04EC0-301F-11D3-BF4B-00C04F79EFBC}") = "OOP2", "OOP2\OOP2.csproj", "{663BDC03-5082-492B-A252-A67DB612A045}"
EndProject
Project("{FAE04EC0-301F-11D3-BF4B-00C04F79EFBC}") = "OOP3", "OOP3\OOP3.csproj", "{8B2E504E-25A8-4DE6-9CBE-2B0CF5911A6E}"
EndProject
Global
	GlobalSection(SolutionConfigurationPlatforms) = preSolution
		Debug|Any CPU = Debug|Any CPU
		Release|Any CPU = Release|Any CPU
	EndGlobalSection
	GlobalSection(ProjectConfigurationPlatforms) = postSolution
		{663BDC03-5082-492B-A252-A67DB612A045}.Debug|Any CPU.ActiveCfg = Debug|Any CPU
		{663BDC03-5082-492B-A252-A67DB612A045}.Debug|Any CPU.Build.0 = Debug|Any CPU
		{663BDC03-5082-492B-A252-A67DB612A045}.Release|Any CPU.ActiveCfg = Release|Any CPU
		{663BDC03-5082-492B-A252-A67DB612A045}.Release|Any CPU.Build.0 = Release|Any CPU
		{8B2E504E-25A8-4DE6-9CBE-2B0CF5911A6E}.Debug|Any CPU.ActiveCfg = Debug|Any CPU
		{8B2E504E-25A8-4DE6-9CBE-2B0CF5911A6E}.Debug|Any CPU.Build.0 = Debug|Any CPU
		{8B2E504E-25A8-4DE6-9CBE-2B0CF5911A6E}.Release|Any CPU.ActiveCfg = Release|Any CPU
		{8B2E504E-25A8-4DE6-9CBE-2B0CF5911A6E}.Release|Any CPU.Build.0 = Release|Any CPU
	EndGlobalSection
	GlobalSection(SolutionProperties) = preSolution
		HideSolutionNode = FALSE
	EndGlobalSection
	GlobalSection(ExtensibilityGlobals) = postSolution
		SolutionGuid = {FCEE94EE-7AB2-4C57-A36B-AC159D6399D6}
	EndGlobalSection
EndGlobal
